
Microsoft Visual Studio Solution File, Format Version 12.00
# Visual Studio Version 17
VisualStudioVersion = 17.14.36908.2 d17.14
MinimumVisualStudioVersion = 10.0.40219.1
Project("{8BC9CEB8-8B4A-11D0-8D11-00A0C91BC942}") = "0330", "0330\0330.vcxproj", "{E0934304-ADE4-46A0-9112-0B593AE13C36}"
EndProject
Global
	GlobalSection(SolutionConfigurationPlatforms) = preSolution
		Debug|x64 = Debug|x64
		Debug|x86 = Debug|x86
		Release|x64 = Release|x64
		Release|x86 = Release|x86
	EndGlobalSection
	GlobalSection(ProjectConfigurationPlatforms) = postSolution
		{E0934304-ADE4-46A0-9112-0B593AE13C36}.Debug|x64.ActiveCfg = Debug|x64
		{E0934304-ADE4-46A0-9112-0B593AE13C36}.Debug|x64.Build.0 = Debug|x64
		{E0934304-ADE4-46A0-9112-0B593AE13C36}.Debug|x86.ActiveCfg = Debug|Win32
		{E0934304-ADE4-46A0-9112-0B593AE13C36}.Debug|x86.Build.0 = Debug|Win32
		{E0934304-ADE4-46A0-9112-0B593AE13C36}.Release|x64.ActiveCfg = Release|x64
		{E0934304-ADE4-46A0-9112-0B593AE13C36}.Release|x64.Build.0 = Release|x64
		{E0934304-ADE4-46A0-9112-0B593AE13C36}.Release|x86.ActiveCfg = Release|Win32
		{E0934304-ADE4-46A0-9112-0B593AE13C36}.Release|x86.Build.0 = Release|Win32
	EndGlobalSection
	GlobalSection(SolutionProperties) = preSolution
		HideSolutionNode = FALSE
	EndGlobalSection
	GlobalSection(ExtensibilityGlobals) = postSolution
		SolutionGuid = {259E7254-BFDC-4BE1-BBB1-A68CF6102CA4}
	EndGlobalSection
EndGlobal
