
Microsoft Visual Studio Solution File, Format Version 12.00
# Visual Studio Version 17
VisualStudioVersion = 17.14.36908.2 d17.14
MinimumVisualStudioVersion = 10.0.40219.1
Project("{8BC9CEB8-8B4A-11D0-8D11-00A0C91BC942}") = "0406", "0406\0406.vcxproj", "{673E047D-BA68-4991-B635-39B49C6447B3}"
EndProject
Global
	GlobalSection(SolutionConfigurationPlatforms) = preSolution
		Debug|x64 = Debug|x64
		Debug|x86 = Debug|x86
		Release|x64 = Release|x64
		Release|x86 = Release|x86
	EndGlobalSection
	GlobalSection(ProjectConfigurationPlatforms) = postSolution
		{673E047D-BA68-4991-B635-39B49C6447B3}.Debug|x64.ActiveCfg = Debug|x64
		{673E047D-BA68-4991-B635-39B49C6447B3}.Debug|x64.Build.0 = Debug|x64
		{673E047D-BA68-4991-B635-39B49C6447B3}.Debug|x86.ActiveCfg = Debug|Win32
		{673E047D-BA68-4991-B635-39B49C6447B3}.Debug|x86.Build.0 = Debug|Win32
		{673E047D-BA68-4991-B635-39B49C6447B3}.Release|x64.ActiveCfg = Release|x64
		{673E047D-BA68-4991-B635-39B49C6447B3}.Release|x64.Build.0 = Release|x64
		{673E047D-BA68-4991-B635-39B49C6447B3}.Release|x86.ActiveCfg = Release|Win32
		{673E047D-BA68-4991-B635-39B49C6447B3}.Release|x86.Build.0 = Release|Win32
	EndGlobalSection
	GlobalSection(SolutionProperties) = preSolution
		HideSolutionNode = FALSE
	EndGlobalSection
	GlobalSection(ExtensibilityGlobals) = postSolution
		SolutionGuid = {57FAB27B-40DA-4CC9-A7CF-7E5162DFFEFA}
	EndGlobalSection
EndGlobal
